// !$*UTF8*$!
{
	archiveVersion = 1;
	classes = {
	};
	objectVersion = 56;
	objects = {

/* Begin PBXBuildFile section */
		964D080D29B10DDF001C46B5 /* TicketView.swift in Sources */ = {isa = PBXBuildFile; fileRef = 964D080C29B10DDF001C46B5 /* TicketView.swift */; };
		966B00E529B46AAC002C05BC /* SeatsView.swift in Sources */ = {isa = PBXBuildFile; fileRef = 966B00E429B46AAC002C05BC /* SeatsView.swift */; };
		967CC33729B0EA210083DF7D /* MovieBookingAppApp.swift in Sources */ = {isa = PBXBuildFile; fileRef = 967CC33629B0EA210083DF7D /* MovieBookingAppApp.swift */; };
		967CC33929B0EA210083DF7D /* ContentView.swift in Sources */ = {isa = PBXBuildFile; fileRef = 967CC33829B0EA210083DF7D /* ContentView.swift */; };
		967CC33B29B0EA240083DF7D /* Assets.xcassets in Resources */ = {isa = PBXBuildFile; fileRef = 967CC33A29B0EA240083DF7D /* Assets.xcassets */; };
		967CC33E29B0EA240083DF7D /* Preview Assets.xcassets in Resources */ = {isa = PBXBuildFile; fileRef = 967CC33D29B0EA240083DF7D /* Preview Assets.xcassets */; };
		967CC34829B0EA250083DF7D /* MovieBookingAppTests.swift in Sources */ = {isa = PBXBuildFile; fileRef = 967CC34729B0EA250083DF7D /* MovieBookingAppTests.swift */; };
		967CC35229B0EA250083DF7D /* MovieBookingAppUITests.swift in Sources */ = {isa = PBXBuildFile; fileRef = 967CC35129B0EA250083DF7D /* MovieBookingAppUITests.swift */; };
		967CC35429B0EA250083DF7D /* MovieBookingAppUITestsLaunchTests.swift in Sources */ = {isa = PBXBuildFile; fileRef = 967CC35329B0EA250083DF7D /* MovieBookingAppUITestsLaunchTests.swift */; };
		967CC36129B109BC0083DF7D /* utils.swift in Sources */ = {isa = PBXBuildFile; fileRef = 967CC36029B109BC0083DF7D /* utils.swift */; };
		967CC37429B10A440083DF7D /* TimeButton.swift in Sources */ = {isa = PBXBuildFile; fileRef = 967CC36F29B10A430083DF7D /* TimeButton.swift */; };
		967CC37529B10A440083DF7D /* LargeButton.swift in Sources */ = {isa = PBXBuildFile; fileRef = 967CC37029B10A430083DF7D /* LargeButton.swift */; };
		967CC37629B10A440083DF7D /* DateButton.swift in Sources */ = {isa = PBXBuildFile; fileRef = 967CC37129B10A430083DF7D /* DateButton.swift */; };
		967CC37729B10A440083DF7D /* CircleButton.swift in Sources */ = {isa = PBXBuildFile; fileRef = 967CC37229B10A440083DF7D /* CircleButton.swift */; };
		967CC37829B10A440083DF7D /* RoundButton.swift in Sources */ = {isa = PBXBuildFile; fileRef = 967CC37329B10A440083DF7D /* RoundButton.swift */; };
		967CC37C29B10A560083DF7D /* PosterData.swift in Sources */ = {isa = PBXBuildFile; fileRef = 967CC37929B10A560083DF7D /* PosterData.swift */; };
		967CC37E29B10A560083DF7D /* TicketData.swift in Sources */ = {isa = PBXBuildFile; fileRef = 967CC37B29B10A560083DF7D /* TicketData.swift */; };
		967CC38529B10A650083DF7D /* CircleBackground.swift in Sources */ = {isa = PBXBuildFile; fileRef = 967CC38029B10A640083DF7D /* CircleBackground.swift */; };
		967CC38829B10A650083DF7D /* StatusUI.swift in Sources */ = {isa = PBXBuildFile; fileRef = 967CC38329B10A650083DF7D /* StatusUI.swift */; };
		9683862329B1BC3000A70D32 /* Tickets.swift in Sources */ = {isa = PBXBuildFile; fileRef = 9683862229B1BC3000A70D32 /* Tickets.swift */; };
		9695E6D629B3199B00E488E6 /* TabData.swift in Sources */ = {isa = PBXBuildFile; fileRef = 9695E6D529B3199A00E488E6 /* TabData.swift */; };
		9695E6D829B33B8C00E488E6 /* CustomTabBar.swift in Sources */ = {isa = PBXBuildFile; fileRef = 9695E6D729B33B8C00E488E6 /* CustomTabBar.swift */; };
		9695E6DA29B3609900E488E6 /* HomeView.swift in Sources */ = {isa = PBXBuildFile; fileRef = 9695E6D929B3609900E488E6 /* HomeView.swift */; };
		9695E6DC29B361E400E488E6 /* CustomSearchBar.swift in Sources */ = {isa = PBXBuildFile; fileRef = 9695E6DB29B361E400E488E6 /* CustomSearchBar.swift */; };
		9695E6DE29B3A79B00E488E6 /* ScrollSection.swift in Sources */ = {isa = PBXBuildFile; fileRef = 9695E6DD29B3A79B00E488E6 /* ScrollSection.swift */; };
		9695E6E029B3B10600E488E6 /* BookingView.swift in Sources */ = {isa = PBXBuildFile; fileRef = 9695E6DF29B3B10600E488E6 /* BookingView.swift */; };
		96977E5A29B1850100CF8AEC /* Ticket.swift in Sources */ = {isa = PBXBuildFile; fileRef = 96977E5929B1850100CF8AEC /* Ticket.swift */; };
/* End PBXBuildFile section */

/* Begin PBXContainerItemProxy section */
		967CC34429B0EA250083DF7D /* PBXContainerItemProxy */ = {
			isa = PBXContainerItemProxy;
			containerPortal = 967CC32B29B0EA210083DF7D /* Project object */;
			proxyType = 1;
			remoteGlobalIDString = 967CC33229B0EA210083DF7D;
			remoteInfo = MovieBookingApp;
		};
		967CC34E29B0EA250083DF7D /* PBXContainerItemProxy */ = {
			isa = PBXContainerItemProxy;
			containerPortal = 967CC32B29B0EA210083DF7D /* Project object */;
			proxyType = 1;
			remoteGlobalIDString = 967CC33229B0EA210083DF7D;
			remoteInfo = MovieBookingApp;
		};
/* End PBXContainerItemProxy section */

/* Begin PBXFileReference section */
		964D080C29B10DDF001C46B5 /* TicketView.swift */ = {isa = PBXFileReference; lastKnownFileType = sourcecode.swift; path = TicketView.swift; sourceTree = "<group>"; };
		966B00E429B46AAC002C05BC /* SeatsView.swift */ = {isa = PBXFileReference; lastKnownFileType = sourcecode.swift; path = SeatsView.swift; sourceTree = "<group>"; };
		967CC33329B0EA210083DF7D /* MovieBookingApp.app */ = {isa = PBXFileReference; explicitFileType = wrapper.application; includeInIndex = 0; path = MovieBookingApp.app; sourceTree = BUILT_PRODUCTS_DIR; };
		967CC33629B0EA210083DF7D /* MovieBookingAppApp.swift */ = {isa = PBXFileReference; lastKnownFileType = sourcecode.swift; path = MovieBookingAppApp.swift; sourceTree = "<group>"; };
		967CC33829B0EA210083DF7D /* ContentView.swift */ = {isa = PBXFileReference; lastKnownFileType = sourcecode.swift; path = ContentView.swift; sourceTree = "<group>"; };
		967CC33A29B0EA240083DF7D /* Assets.xcassets */ = {isa = PBXFileReference; lastKnownFileType = folder.assetcatalog; path = Assets.xcassets; sourceTree = "<group>"; };
		967CC33D29B0EA240083DF7D /* Preview Assets.xcassets */ = {isa = PBXFileReference; lastKnownFileType = folder.assetcatalog; path = "Preview Assets.xcassets"; sourceTree = "<group>"; };
		967CC34329B0EA250083DF7D /* MovieBookingAppTests.xctest */ = {isa = PBXFileReference; explicitFileType = wrapper.cfbundle; includeInIndex = 0; path = MovieBookingAppTests.xctest; sourceTree = BUILT_PRODUCTS_DIR; };
		967CC34729B0EA250083DF7D /* MovieBookingAppTests.swift */ = {isa = PBXFileReference; lastKnownFileType = sourcecode.swift; path = MovieBookingAppTests.swift; sourceTree = "<group>"; };
		967CC34D29B0EA250083DF7D /* MovieBookingAppUITests.xctest */ = {isa = PBXFileReference; explicitFileType = wrapper.cfbundle; includeInIndex = 0; path = MovieBookingAppUITests.xctest; sourceTree = BUILT_PRODUCTS_DIR; };
		967CC35129B0EA250083DF7D /* MovieBookingAppUITests.swift */ = {isa = PBXFileReference; lastKnownFileType = sourcecode.swift; path = MovieBookingAppUITests.swift; sourceTree = "<group>"; };
		967CC35329B0EA250083DF7D /* MovieBookingAppUITestsLaunchTests.swift */ = {isa = PBXFileReference; lastKnownFileType = sourcecode.swift; path = MovieBookingAppUITestsLaunchTests.swift; sourceTree = "<group>"; };
		967CC36029B109BC0083DF7D /* utils.swift */ = {isa = PBXFileReference; lastKnownFileType = sourcecode.swift; path = utils.swift; sourceTree = "<group>"; };
		967CC36F29B10A430083DF7D /* TimeButton.swift */ = {isa = PBXFileReference; fileEncoding = 4; lastKnownFileType = sourcecode.swift; path = TimeButton.swift; sourceTree = "<group>"; };
		967CC37029B10A430083DF7D /* LargeButton.swift */ = {isa = PBXFileReference; fileEncoding = 4; lastKnownFileType = sourcecode.swift; path = LargeButton.swift; sourceTree = "<group>"; };
		967CC37129B10A430083DF7D /* DateButton.swift */ = {isa = PBXFileReference; fileEncoding = 4; lastKnownFileType = sourcecode.swift; path = DateButton.swift; sourceTree = "<group>"; };
		967CC37229B10A440083DF7D /* CircleButton.swift */ = {isa = PBXFileReference; fileEncoding = 4; lastKnownFileType = sourcecode.swift; path = CircleButton.swift; sourceTree = "<group>"; };
		967CC37329B10A440083DF7D /* RoundButton.swift */ = {isa = PBXFileReference; fileEncoding = 4; lastKnownFileType = sourcecode.swift; path = RoundButton.swift; sourceTree = "<group>"; };
		967CC37929B10A560083DF7D /* PosterData.swift */ = {isa = PBXFileReference; fileEncoding = 4; lastKnownFileType = sourcecode.swift; path = PosterData.swift; sourceTree = "<group>"; };
		967CC37B29B10A560083DF7D /* TicketData.swift */ = {isa = PBXFileReference; fileEncoding = 4; lastKnownFileType = sourcecode.swift; path = TicketData.swift; sourceTree = "<group>"; };
		967CC38029B10A640083DF7D /* CircleBackground.swift */ = {isa = PBXFileReference; fileEncoding = 4; lastKnownFileType = sourcecode.swift; path = CircleBackground.swift; sourceTree = "<group>"; };
		967CC38329B10A650083DF7D /* StatusUI.swift */ = {isa = PBXFileReference; fileEncoding = 4; lastKnownFileType = sourcecode.swift; path = StatusUI.swift; sourceTree = "<group>"; };
		9683862229B1BC3000A70D32 /* Tickets.swift */ = {isa = PBXFileReference; lastKnownFileType = sourcecode.swift; path = Tickets.swift; sourceTree = "<group>"; };
		9695E6D529B3199A00E488E6 /* TabData.swift */ = {isa = PBXFileReference; lastKnownFileType = sourcecode.swift; path = TabData.swift; sourceTree = "<group>"; };
		9695E6D729B33B8C00E488E6 /* CustomTabBar.swift */ = {isa = PBXFileReference; lastKnownFileType = sourcecode.swift; path = CustomTabBar.swift; sourceTree = "<group>"; };
		9695E6D929B3609900E488E6 /* HomeView.swift */ = {isa = PBXFileReference; lastKnownFileType = sourcecode.swift; path = HomeView.swift; sourceTree = "<group>"; };
		9695E6DB29B361E400E488E6 /* CustomSearchBar.swift */ = {isa = PBXFileReference; lastKnownFileType = sourcecode.swift; path = CustomSearchBar.swift; sourceTree = "<group>"; };
		9695E6DD29B3A79B00E488E6 /* ScrollSection.swift */ = {isa = PBXFileReference; lastKnownFileType = sourcecode.swift; path = ScrollSection.swift; sourceTree = "<group>"; };
		9695E6DF29B3B10600E488E6 /* BookingView.swift */ = {isa = PBXFileReference; lastKnownFileType = sourcecode.swift; path = BookingView.swift; sourceTree = "<group>"; };
		96977E5929B1850100CF8AEC /* Ticket.swift */ = {isa = PBXFileReference; lastKnownFileType = sourcecode.swift; path = Ticket.swift; sourceTree = "<group>"; };
/* End PBXFileReference section */

/* Begin PBXFrameworksBuildPhase section */
		967CC33029B0EA210083DF7D /* Frameworks */ = {
			isa = PBXFrameworksBuildPhase;
			buildActionMask = 2147483647;
			files = (
			);
			runOnlyForDeploymentPostprocessing = 0;
		};
		967CC34029B0EA250083DF7D /* Frameworks */ = {
			isa = PBXFrameworksBuildPhase;
			buildActionMask = 2147483647;
			files = (
			);
			runOnlyForDeploymentPostprocessing = 0;
		};
		967CC34A29B0EA250083DF7D /* Frameworks */ = {
			isa = PBXFrameworksBuildPhase;
			buildActionMask = 2147483647;
			files = (
			);
			runOnlyForDeploymentPostprocessing = 0;
		};
/* End PBXFrameworksBuildPhase section */

/* Begin PBXGroup section */
		967CC32A29B0EA210083DF7D = {
			isa = PBXGroup;
			children = (
				967CC33629B0EA210083DF7D /* MovieBookingAppApp.swift */,
				967CC33829B0EA210083DF7D /* ContentView.swift */,
				967CC33529B0EA210083DF7D /* MovieBookingApp */,
				967CC34629B0EA250083DF7D /* MovieBookingAppTests */,
				967CC35029B0EA250083DF7D /* MovieBookingAppUITests */,
				967CC33429B0EA210083DF7D /* Products */,
			);
			sourceTree = "<group>";
		};
		967CC33429B0EA210083DF7D /* Products */ = {
			isa = PBXGroup;
			children = (
				967CC33329B0EA210083DF7D /* MovieBookingApp.app */,
				967CC34329B0EA250083DF7D /* MovieBookingAppTests.xctest */,
				967CC34D29B0EA250083DF7D /* MovieBookingAppUITests.xctest */,
			);
			name = Products;
			sourceTree = "<group>";
		};
		967CC33529B0EA210083DF7D /* MovieBookingApp */ = {
			isa = PBXGroup;
			children = (
				967CC36629B10A190083DF7D /* Views */,
				967CC36529B10A120083DF7D /* Buttons */,
				967CC36429B10A050083DF7D /* Data */,
				967CC36329B109F60083DF7D /* UI */,
				967CC36229B109EA0083DF7D /* Cards */,
				967CC33C29B0EA240083DF7D /* Preview Content */,
			);
			path = MovieBookingApp;
			sourceTree = "<group>";
		};
		967CC33C29B0EA240083DF7D /* Preview Content */ = {
			isa = PBXGroup;
			children = (
				967CC33D29B0EA240083DF7D /* Preview Assets.xcassets */,
				967CC33A29B0EA240083DF7D /* Assets.xcassets */,
				967CC36029B109BC0083DF7D /* utils.swift */,
			);
			path = "Preview Content";
			sourceTree = "<group>";
		};
		967CC34629B0EA250083DF7D /* MovieBookingAppTests */ = {
			isa = PBXGroup;
			children = (
				967CC34729B0EA250083DF7D /* MovieBookingAppTests.swift */,
			);
			path = MovieBookingAppTests;
			sourceTree = "<group>";
		};
		967CC35029B0EA250083DF7D /* MovieBookingAppUITests */ = {
			isa = PBXGroup;
			children = (
				967CC35129B0EA250083DF7D /* MovieBookingAppUITests.swift */,
				967CC35329B0EA250083DF7D /* MovieBookingAppUITestsLaunchTests.swift */,
			);
			path = MovieBookingAppUITests;
			sourceTree = "<group>";
		};
		967CC36229B109EA0083DF7D /* Cards */ = {
			isa = PBXGroup;
			children = (
				96977E5929B1850100CF8AEC /* Ticket.swift */,
				9683862229B1BC3000A70D32 /* Tickets.swift */,
			);
			path = Cards;
			sourceTree = "<group>";
		};
		967CC36329B109F60083DF7D /* UI */ = {
			isa = PBXGroup;
			children = (
				967CC38029B10A640083DF7D /* CircleBackground.swift */,
				967CC38329B10A650083DF7D /* StatusUI.swift */,
				9695E6D729B33B8C00E488E6 /* CustomTabBar.swift */,
				9695E6DB29B361E400E488E6 /* CustomSearchBar.swift */,
				9695E6DD29B3A79B00E488E6 /* ScrollSection.swift */,
			);
			path = UI;
			sourceTree = "<group>";
		};
		967CC36429B10A050083DF7D /* Data */ = {
			isa = PBXGroup;
			children = (
				967CC37929B10A560083DF7D /* PosterData.swift */,
				967CC37B29B10A560083DF7D /* TicketData.swift */,
				9695E6D529B3199A00E488E6 /* TabData.swift */,
			);
			path = Data;
			sourceTree = "<group>";
		};
		967CC36529B10A120083DF7D /* Buttons */ = {
			isa = PBXGroup;
			children = (
				967CC37229B10A440083DF7D /* CircleButton.swift */,
				967CC37129B10A430083DF7D /* DateButton.swift */,
				967CC37029B10A430083DF7D /* LargeButton.swift */,
				967CC37329B10A440083DF7D /* RoundButton.swift */,
				967CC36F29B10A430083DF7D /* TimeButton.swift */,
			);
			path = Buttons;
			sourceTree = "<group>";
		};
		967CC36629B10A190083DF7D /* Views */ = {
			isa = PBXGroup;
			children = (
				964D080C29B10DDF001C46B5 /* TicketView.swift */,
				9695E6D929B3609900E488E6 /* HomeView.swift */,
				9695E6DF29B3B10600E488E6 /* BookingView.swift */,
				966B00E429B46AAC002C05BC /* SeatsView.swift */,
			);
			path = Views;
			sourceTree = "<group>";
		};
/* End PBXGroup section */

/* Begin PBXNativeTarget section */
		967CC33229B0EA210083DF7D /* MovieBookingApp */ = {
			isa = PBXNativeTarget;
			buildConfigurationList = 967CC35729B0EA250083DF7D /* Build configuration list for PBXNativeTarget "MovieBookingApp" */;
			buildPhases = (
				967CC32F29B0EA210083DF7D /* Sources */,
				967CC33029B0EA210083DF7D /* Frameworks */,
				967CC33129B0EA210083DF7D /* Resources */,
			);
			buildRules = (
			);
			dependencies = (
			);
			name = MovieBookingApp;
			productName = MovieBookingApp;
			productReference = 967CC33329B0EA210083DF7D /* MovieBookingApp.app */;
			productType = "com.apple.product-type.application";
		};
		967CC34229B0EA250083DF7D /* MovieBookingAppTests */ = {
			isa = PBXNativeTarget;
			buildConfigurationList = 967CC35A29B0EA250083DF7D /* Build configuration list for PBXNativeTarget "MovieBookingAppTests" */;
			buildPhases = (
				967CC33F29B0EA250083DF7D /* Sources */,
				967CC34029B0EA250083DF7D /* Frameworks */,
				967CC34129B0EA250083DF7D /* Resources */,
			);
			buildRules = (
			);
			dependencies = (
				967CC34529B0EA250083DF7D /* PBXTargetDependency */,
			);
			name = MovieBookingAppTests;
			productName = MovieBookingAppTests;
			productReference = 967CC34329B0EA250083DF7D /* MovieBookingAppTests.xctest */;
			productType = "com.apple.product-type.bundle.unit-test";
		};
		967CC34C29B0EA250083DF7D /* MovieBookingAppUITests */ = {
			isa = PBXNativeTarget;
			buildConfigurationList = 967CC35D29B0EA250083DF7D /* Build configuration list for PBXNativeTarget "MovieBookingAppUITests" */;
			buildPhases = (
				967CC34929B0EA250083DF7D /* Sources */,
				967CC34A29B0EA250083DF7D /* Frameworks */,
				967CC34B29B0EA250083DF7D /* Resources */,
			);
			buildRules = (
			);
			dependencies = (
				967CC34F29B0EA250083DF7D /* PBXTargetDependency */,
			);
			name = MovieBookingAppUITests;
			productName = MovieBookingAppUITests;
			productReference = 967CC34D29B0EA250083DF7D /* MovieBookingAppUITests.xctest */;
			productType = "com.apple.product-type.bundle.ui-testing";
		};
/* End PBXNativeTarget section */

/* Begin PBXProject section */
		967CC32B29B0EA210083DF7D /* Project object */ = {
			isa = PBXProject;
			attributes = {
				BuildIndependentTargetsInParallel = 1;
				LastSwiftUpdateCheck = 1420;
				LastUpgradeCheck = 1420;
				TargetAttributes = {
					967CC33229B0EA210083DF7D = {
						CreatedOnToolsVersion = 14.2;
					};
					967CC34229B0EA250083DF7D = {
						CreatedOnToolsVersion = 14.2;
						TestTargetID = 967CC33229B0EA210083DF7D;
					};
					967CC34C29B0EA250083DF7D = {
						CreatedOnToolsVersion = 14.2;
						TestTargetID = 967CC33229B0EA210083DF7D;
					};
				};
			};
			buildConfigurationList = 967CC32E29B0EA210083DF7D /* Build configuration list for PBXProject "MovieBookingApp" */;
			compatibilityVersion = "Xcode 14.0";
			developmentRegion = en;
			hasScannedForEncodings = 0;
			knownRegions = (
				en,
				Base,
			);
			mainGroup = 967CC32A29B0EA210083DF7D;
			productRefGroup = 967CC33429B0EA210083DF7D /* Products */;
			projectDirPath = "";
			projectRoot = "";
			targets = (
				967CC33229B0EA210083DF7D /* MovieBookingApp */,
				967CC34229B0EA250083DF7D /* MovieBookingAppTests */,
				967CC34C29B0EA250083DF7D /* MovieBookingAppUITests */,
			);
		};
/* End PBXProject section */

/* Begin PBXResourcesBuildPhase section */
		967CC33129B0EA210083DF7D /* Resources */ = {
			isa = PBXResourcesBuildPhase;
			buildActionMask = 2147483647;
			files = (
				967CC33E29B0EA240083DF7D /* Preview Assets.xcassets in Resources */,
				967CC33B29B0EA240083DF7D /* Assets.xcassets in Resources */,
			);
			runOnlyForDeploymentPostprocessing = 0;
		};
		967CC34129B0EA250083DF7D /* Resources */ = {
			isa = PBXResourcesBuildPhase;
			buildActionMask = 2147483647;
			files = (
			);
			runOnlyForDeploymentPostprocessing = 0;
		};
		967CC34B29B0EA250083DF7D /* Resources */ = {
			isa = PBXResourcesBuildPhase;
			buildActionMask = 2147483647;
			files = (
			);
			runOnlyForDeploymentPostprocessing = 0;
		};
/* End PBXResourcesBuildPhase section */

/* Begin PBXSourcesBuildPhase section */
		967CC32F29B0EA210083DF7D /* Sources */ = {
			isa = PBXSourcesBuildPhase;
			buildActionMask = 2147483647;
			files = (
				967CC37829B10A440083DF7D /* RoundButton.swift in Sources */,
				967CC38829B10A650083DF7D /* StatusUI.swift in Sources */,
				9695E6DE29B3A79B00E488E6 /* ScrollSection.swift in Sources */,
				967CC36129B109BC0083DF7D /* utils.swift in Sources */,
				967CC33929B0EA210083DF7D /* ContentView.swift in Sources */,
				9683862329B1BC3000A70D32 /* Tickets.swift in Sources */,
				967CC33729B0EA210083DF7D /* MovieBookingAppApp.swift in Sources */,
				96977E5A29B1850100CF8AEC /* Ticket.swift in Sources */,
				967CC37729B10A440083DF7D /* CircleButton.swift in Sources */,
				9695E6E029B3B10600E488E6 /* BookingView.swift in Sources */,
				964D080D29B10DDF001C46B5 /* TicketView.swift in Sources */,
				9695E6DA29B3609900E488E6 /* HomeView.swift in Sources */,
				9695E6D629B3199B00E488E6 /* TabData.swift in Sources */,
				9695E6DC29B361E400E488E6 /* CustomSearchBar.swift in Sources */,
				967CC37E29B10A560083DF7D /* TicketData.swift in Sources */,
				967CC37429B10A440083DF7D /* TimeButton.swift in Sources */,
				967CC38529B10A650083DF7D /* CircleBackground.swift in Sources */,
				966B00E529B46AAC002C05BC /* SeatsView.swift in Sources */,
				967CC37C29B10A560083DF7D /* PosterData.swift in Sources */,
				967CC37529B10A440083DF7D /* LargeButton.swift in Sources */,
				9695E6D829B33B8C00E488E6 /* CustomTabBar.swift in Sources */,
				967CC37629B10A440083DF7D /* DateButton.swift in Sources */,
			);
			runOnlyForDeploymentPostprocessing = 0;
		};
		967CC33F29B0EA250083DF7D /* Sources */ = {
			isa = PBXSourcesBuildPhase;
			buildActionMask = 2147483647;
			files = (
				967CC34829B0EA250083DF7D /* MovieBookingAppTests.swift in Sources */,
			);
			runOnlyForDeploymentPostprocessing = 0;
		};
		967CC34929B0EA250083DF7D /* Sources */ = {
			isa = PBXSourcesBuildPhase;
			buildActionMask = 2147483647;
			files = (
				967CC35229B0EA250083DF7D /* MovieBookingAppUITests.swift in Sources */,
				967CC35429B0EA250083DF7D /* MovieBookingAppUITestsLaunchTests.swift in Sources */,
			);
			runOnlyForDeploymentPostprocessing = 0;
		};
/* End PBXSourcesBuildPhase section */

/* Begin PBXTargetDependency section */
		967CC34529B0EA250083DF7D /* PBXTargetDependency */ = {
			isa = PBXTargetDependency;
			target = 967CC33229B0EA210083DF7D /* MovieBookingApp */;
			targetProxy = 967CC34429B0EA250083DF7D /* PBXContainerItemProxy */;
		};
		967CC34F29B0EA250083DF7D /* PBXTargetDependency */ = {
			isa = PBXTargetDependency;
			target = 967CC33229B0EA210083DF7D /* MovieBookingApp */;
			targetProxy = 967CC34E29B0EA250083DF7D /* PBXContainerItemProxy */;
		};
/* End PBXTargetDependency section */

/* Begin XCBuildConfiguration section */
		967CC35529B0EA250083DF7D /* Debug */ = {
			isa = XCBuildConfiguration;
			buildSettings = {
				ALWAYS_SEARCH_USER_PATHS = NO;
				CLANG_ANALYZER_NONNULL = YES;
				CLANG_ANALYZER_NUMBER_OBJECT_CONVERSION = YES_AGGRESSIVE;
				CLANG_CXX_LANGUAGE_STANDARD = "gnu++20";
				CLANG_ENABLE_MODULES = YES;
				CLANG_ENABLE_OBJC_ARC = YES;
				CLANG_ENABLE_OBJC_WEAK = YES;
				CLANG_WARN_BLOCK_CAPTURE_AUTORELEASING = YES;
				CLANG_WARN_BOOL_CONVERSION = YES;
				CLANG_WARN_COMMA = YES;
				CLANG_WARN_CONSTANT_CONVERSION = YES;
				CLANG_WARN_DEPRECATED_OBJC_IMPLEMENTATIONS = YES;
				CLANG_WARN_DIRECT_OBJC_ISA_USAGE = YES_ERROR;
				CLANG_WARN_DOCUMENTATION_COMMENTS = YES;
				CLANG_WARN_EMPTY_BODY = YES;
				CLANG_WARN_ENUM_CONVERSION = YES;
				CLANG_WARN_INFINITE_RECURSION = YES;
				CLANG_WARN_INT_CONVERSION = YES;
				CLANG_WARN_NON_LITERAL_NULL_CONVERSION = YES;
				CLANG_WARN_OBJC_IMPLICIT_RETAIN_SELF = YES;
				CLANG_WARN_OBJC_LITERAL_CONVERSION = YES;
				CLANG_WARN_OBJC_ROOT_CLASS = YES_ERROR;
				CLANG_WARN_QUOTED_INCLUDE_IN_FRAMEWORK_HEADER = YES;
				CLANG_WARN_RANGE_LOOP_ANALYSIS = YES;
				CLANG_WARN_STRICT_PROTOTYPES = YES;
				CLANG_WARN_SUSPICIOUS_MOVE = YES;
				CLANG_WARN_UNGUARDED_AVAILABILITY = YES_AGGRESSIVE;
				CLANG_WARN_UNREACHABLE_CODE = YES;
				CLANG_WARN__DUPLICATE_METHOD_MATCH = YES;
				COPY_PHASE_STRIP = NO;
				DEBUG_INFORMATION_FORMAT = dwarf;
				ENABLE_STRICT_OBJC_MSGSEND = YES;
				ENABLE_TESTABILITY = YES;
				GCC_C_LANGUAGE_STANDARD = gnu11;
				GCC_DYNAMIC_NO_PIC = NO;
				GCC_NO_COMMON_BLOCKS = YES;
				GCC_OPTIMIZATION_LEVEL = 0;
				GCC_PREPROCESSOR_DEFINITIONS = (
					"DEBUG=1",
					"$(inherited)",
				);
				GCC_WARN_64_TO_32_BIT_CONVERSION = YES;
				GCC_WARN_ABOUT_RETURN_TYPE = YES_ERROR;
				GCC_WARN_UNDECLARED_SELECTOR = YES;
				GCC_WARN_UNINITIALIZED_AUTOS = YES_AGGRESSIVE;
				GCC_WARN_UNUSED_FUNCTION = YES;
				GCC_WARN_UNUSED_VARIABLE = YES;
				IPHONEOS_DEPLOYMENT_TARGET = 16.2;
				MTL_ENABLE_DEBUG_INFO = INCLUDE_SOURCE;
				MTL_FAST_MATH = YES;
				ONLY_ACTIVE_ARCH = YES;
				SDKROOT = iphoneos;
				SWIFT_ACTIVE_COMPILATION_CONDITIONS = DEBUG;
				SWIFT_OPTIMIZATION_LEVEL = "-Onone";
			};
			name = Debug;
		};
		967CC35629B0EA250083DF7D /* Release */ = {
			isa = XCBuildConfiguration;
			buildSettings = {
				ALWAYS_SEARCH_USER_PATHS = NO;
				CLANG_ANALYZER_NONNULL = YES;
				CLANG_ANALYZER_NUMBER_OBJECT_CONVERSION = YES_AGGRESSIVE;
				CLANG_CXX_LANGUAGE_STANDARD = "gnu++20";
				CLANG_ENABLE_MODULES = YES;
				CLANG_ENABLE_OBJC_ARC = YES;
				CLANG_ENABLE_OBJC_WEAK = YES;
				CLANG_WARN_BLOCK_CAPTURE_AUTORELEASING = YES;
				CLANG_WARN_BOOL_CONVERSION = YES;
				CLANG_WARN_COMMA = YES;
				CLANG_WARN_CONSTANT_CONVERSION = YES;
				CLANG_WARN_DEPRECATED_OBJC_IMPLEMENTATIONS = YES;
				CLANG_WARN_DIRECT_OBJC_ISA_USAGE = YES_ERROR;
				CLANG_WARN_DOCUMENTATION_COMMENTS = YES;
				CLANG_WARN_EMPTY_BODY = YES;
				CLANG_WARN_ENUM_CONVERSION = YES;
				CLANG_WARN_INFINITE_RECURSION = YES;
				CLANG_WARN_INT_CONVERSION = YES;
				CLANG_WARN_NON_LITERAL_NULL_CONVERSION = YES;
				CLANG_WARN_OBJC_IMPLICIT_RETAIN_SELF = YES;
				CLANG_WARN_OBJC_LITERAL_CONVERSION = YES;
				CLANG_WARN_OBJC_ROOT_CLASS = YES_ERROR;
				CLANG_WARN_QUOTED_INCLUDE_IN_FRAMEWORK_HEADER = YES;
				CLANG_WARN_RANGE_LOOP_ANALYSIS = YES;
				CLANG_WARN_STRICT_PROTOTYPES = YES;
				CLANG_WARN_SUSPICIOUS_MOVE = YES;
				CLANG_WARN_UNGUARDED_AVAILABILITY = YES_AGGRESSIVE;
				CLANG_WARN_UNREACHABLE_CODE = YES;
				CLANG_WARN__DUPLICATE_METHOD_MATCH = YES;
				COPY_PHASE_STRIP = NO;
				DEBUG_INFORMATION_FORMAT = "dwarf-with-dsym";
				ENABLE_NS_ASSERTIONS = NO;
				ENABLE_STRICT_OBJC_MSGSEND = YES;
				GCC_C_LANGUAGE_STANDARD = gnu11;
				GCC_NO_COMMON_BLOCKS = YES;
				GCC_WARN_64_TO_32_BIT_CONVERSION = YES;
				GCC_WARN_ABOUT_RETURN_TYPE = YES_ERROR;
				GCC_WARN_UNDECLARED_SELECTOR = YES;
				GCC_WARN_UNINITIALIZED_AUTOS = YES_AGGRESSIVE;
				GCC_WARN_UNUSED_FUNCTION = YES;
				GCC_WARN_UNUSED_VARIABLE = YES;
				IPHONEOS_DEPLOYMENT_TARGET = 16.2;
				MTL_ENABLE_DEBUG_INFO = NO;
				MTL_FAST_MATH = YES;
				SDKROOT = iphoneos;
				SWIFT_COMPILATION_MODE = wholemodule;
				SWIFT_OPTIMIZATION_LEVEL = "-O";
				VALIDATE_PRODUCT = YES;
			};
			name = Release;
		};
		967CC35829B0EA250083DF7D /* Debug */ = {
			isa = XCBuildConfiguration;
			buildSettings = {
				ASSETCATALOG_COMPILER_APPICON_NAME = AppIcon;
				ASSETCATALOG_COMPILER_GLOBAL_ACCENT_COLOR_NAME = AccentColor;
				CODE_SIGN_STYLE = Automatic;
				CURRENT_PROJECT_VERSION = 1;
				DEVELOPMENT_ASSET_PATHS = "\"MovieBookingApp/Preview Content\"";
				ENABLE_PREVIEWS = YES;
				GENERATE_INFOPLIST_FILE = YES;
				INFOPLIST_KEY_UIApplicationSceneManifest_Generation = YES;
				INFOPLIST_KEY_UIApplicationSupportsIndirectInputEvents = YES;
				INFOPLIST_KEY_UILaunchScreen_Generation = YES;
				INFOPLIST_KEY_UISupportedInterfaceOrientations_iPad = "UIInterfaceOrientationPortrait UIInterfaceOrientationPortraitUpsideDown UIInterfaceOrientationLandscapeLeft UIInterfaceOrientationLandscapeRight";
				INFOPLIST_KEY_UISupportedInterfaceOrientations_iPhone = "UIInterfaceOrientationPortrait UIInterfaceOrientationLandscapeLeft UIInterfaceOrientationLandscapeRight";
				LD_RUNPATH_SEARCH_PATHS = (
					"$(inherited)",
					"@executable_path/Frameworks",
				);
				MARKETING_VERSION = 1.0;
				PRODUCT_BUNDLE_IDENTIFIER = Mysolt.MovieBookingApp;
				PRODUCT_NAME = "$(TARGET_NAME)";
				SWIFT_EMIT_LOC_STRINGS = YES;
				SWIFT_VERSION = 5.0;
				TARGETED_DEVICE_FAMILY = "1,2";
			};
			name = Debug;
		};
		967CC35929B0EA250083DF7D /* Release */ = {
			isa = XCBuildConfiguration;
			buildSettings = {
				ASSETCATALOG_COMPILER_APPICON_NAME = AppIcon;
				ASSETCATALOG_COMPILER_GLOBAL_ACCENT_COLOR_NAME = AccentColor;
				CODE_SIGN_STYLE = Automatic;
				CURRENT_PROJECT_VERSION = 1;
				DEVELOPMENT_ASSET_PATHS = "\"MovieBookingApp/Preview Content\"";
				ENABLE_PREVIEWS = YES;
				GENERATE_INFOPLIST_FILE = YES;
				INFOPLIST_KEY_UIApplicationSceneManifest_Generation = YES;
				INFOPLIST_KEY_UIApplicationSupportsIndirectInputEvents = YES;
				INFOPLIST_KEY_UILaunchScreen_Generation = YES;
				INFOPLIST_KEY_UISupportedInterfaceOrientations_iPad = "UIInterfaceOrientationPortrait UIInterfaceOrientationPortraitUpsideDown UIInterfaceOrientationLandscapeLeft UIInterfaceOrientationLandscapeRight";
				INFOPLIST_KEY_UISupportedInterfaceOrientations_iPhone = "UIInterfaceOrientationPortrait UIInterfaceOrientationLandscapeLeft UIInterfaceOrientationLandscapeRight";
				LD_RUNPATH_SEARCH_PATHS = (
					"$(inherited)",
					"@executable_path/Frameworks",
				);
				MARKETING_VERSION = 1.0;
				PRODUCT_BUNDLE_IDENTIFIER = Mysolt.MovieBookingApp;
				PRODUCT_NAME = "$(TARGET_NAME)";
				SWIFT_EMIT_LOC_STRINGS = YES;
				SWIFT_VERSION = 5.0;
				TARGETED_DEVICE_FAMILY = "1,2";
			};
			name = Release;
		};
		967CC35B29B0EA250083DF7D /* Debug */ = {
			isa = XCBuildConfiguration;
			buildSettings = {
				ALWAYS_EMBED_SWIFT_STANDARD_LIBRARIES = YES;
				BUNDLE_LOADER = "$(TEST_HOST)";
				CODE_SIGN_STYLE = Automatic;
				CURRENT_PROJECT_VERSION = 1;
				GENERATE_INFOPLIST_FILE = YES;
				IPHONEOS_DEPLOYMENT_TARGET = 16.2;
				MARKETING_VERSION = 1.0;
				PRODUCT_BUNDLE_IDENTIFIER = Mysolt.MovieBookingAppTests;
				PRODUCT_NAME = "$(TARGET_NAME)";
				SWIFT_EMIT_LOC_STRINGS = NO;
				SWIFT_VERSION = 5.0;
				TARGETED_DEVICE_FAMILY = "1,2";
				TEST_HOST = "$(BUILT_PRODUCTS_DIR)/MovieBookingApp.app/$(BUNDLE_EXECUTABLE_FOLDER_PATH)/MovieBookingApp";
			};
			name = Debug;
		};
		967CC35C29B0EA250083DF7D /* Release */ = {
			isa = XCBuildConfiguration;
			buildSettings = {
				ALWAYS_EMBED_SWIFT_STANDARD_LIBRARIES = YES;
				BUNDLE_LOADER = "$(TEST_HOST)";
				CODE_SIGN_STYLE = Automatic;
				CURRENT_PROJECT_VERSION = 1;
				GENERATE_INFOPLIST_FILE = YES;
				IPHONEOS_DEPLOYMENT_TARGET = 16.2;
				MARKETING_VERSION = 1.0;
				PRODUCT_BUNDLE_IDENTIFIER = Mysolt.MovieBookingAppTests;
				PRODUCT_NAME = "$(TARGET_NAME)";
				SWIFT_EMIT_LOC_STRINGS = NO;
				SWIFT_VERSION = 5.0;
				TARGETED_DEVICE_FAMILY = "1,2";
				TEST_HOST = "$(BUILT_PRODUCTS_DIR)/MovieBookingApp.app/$(BUNDLE_EXECUTABLE_FOLDER_PATH)/MovieBookingApp";
			};
			name = Release;
		};
		967CC35E29B0EA250083DF7D /* Debug */ = {
			isa = XCBuildConfiguration;
			buildSettings = {
				ALWAYS_EMBED_SWIFT_STANDARD_LIBRARIES = YES;
				CODE_SIGN_STYLE = Automatic;
				CURRENT_PROJECT_VERSION = 1;
				GENERATE_INFOPLIST_FILE = YES;
				MARKETING_VERSION = 1.0;
				PRODUCT_BUNDLE_IDENTIFIER = Mysolt.MovieBookingAppUITests;
				PRODUCT_NAME = "$(TARGET_NAME)";
				SWIFT_EMIT_LOC_STRINGS = NO;
				SWIFT_VERSION = 5.0;
				TARGETED_DEVICE_FAMILY = "1,2";
				TEST_TARGET_NAME = MovieBookingApp;
			};
			name = Debug;
		};
		967CC35F29B0EA250083DF7D /* Release */ = {
			isa = XCBuildConfiguration;
			buildSettings = {
				ALWAYS_EMBED_SWIFT_STANDARD_LIBRARIES = YES;
				CODE_SIGN_STYLE = Automatic;
				CURRENT_PROJECT_VERSION = 1;
				GENERATE_INFOPLIST_FILE = YES;
				MARKETING_VERSION = 1.0;
				PRODUCT_BUNDLE_IDENTIFIER = Mysolt.MovieBookingAppUITests;
				PRODUCT_NAME = "$(TARGET_NAME)";
				SWIFT_EMIT_LOC_STRINGS = NO;
				SWIFT_VERSION = 5.0;
				TARGETED_DEVICE_FAMILY = "1,2";
				TEST_TARGET_NAME = MovieBookingApp;
			};
			name = Release;
		};
/* End XCBuildConfiguration section */

/* Begin XCConfigurationList section */
		967CC32E29B0EA210083DF7D /* Build configuration list for PBXProject "MovieBookingApp" */ = {
			isa = XCConfigurationList;
			buildConfigurations = (
				967CC35529B0EA250083DF7D /* Debug */,
				967CC35629B0EA250083DF7D /* Release */,
			);
			defaultConfigurationIsVisible = 0;
			defaultConfigurationName = Release;
		};
		967CC35729B0EA250083DF7D /* Build configuration list for PBXNativeTarget "MovieBookingApp" */ = {
			isa = XCConfigurationList;
			buildConfigurations = (
				967CC35829B0EA250083DF7D /* Debug */,
				967CC35929B0EA250083DF7D /* Release */,
			);
			defaultConfigurationIsVisible = 0;
			defaultConfigurationName = Release;
		};
		967CC35A29B0EA250083DF7D /* Build configuration list for PBXNativeTarget "MovieBookingAppTests" */ = {
			isa = XCConfigurationList;
			buildConfigurations = (
				967CC35B29B0EA250083DF7D /* Debug */,
				967CC35C29B0EA250083DF7D /* Release */,
			);
			defaultConfigurationIsVisible = 0;
			defaultConfigurationName = Release;
		};
		967CC35D29B0EA250083DF7D /* Build configuration list for PBXNativeTarget "MovieBookingAppUITests" */ = {
			isa = XCConfigurationList;
			buildConfigurations = (
				967CC35E29B0EA250083DF7D /* Debug */,
				967CC35F29B0EA250083DF7D /* Release */,
			);
			defaultConfigurationIsVisible = 0;
			defaultConfigurationName = Release;
		};
/* End XCConfigurationList section */
	};
	rootObject = 967CC32B29B0EA210083DF7D /* Project object */;
}
